# THIS IS AN AUTOGENERATED FILE. DO NOT EDIT THIS FILE DIRECTLY.
# yarn lockfile v1


"@babel/runtime-corejs2@^7.8.7":
  version "7.14.6"
  resolved "https://registry.nlark.com/@babel/runtime-corejs2/download/@babel/runtime-corejs2-7.14.6.tgz?cache=0&sync_timestamp=1623709817909&other_urls=https%3A%2F%2Fregistry.nlark.com%2F%40babel%2Fruntime-corejs2%2Fdownload%2F%40babel%2Fruntime-corejs2-7.14.6.tgz#e5d3a1a5a08f4498734dd3701af4fd18dd8677b5"
  integrity sha1-5dOhpaCPRJhzTdNwGvT9GN2Gd7U=
  dependencies:
    core-js "^2.6.5"
    regenerator-runtime "^0.13.4"

"@babel/runtime@^7.1.2", "@babel/runtime@^7.3.1", "@babel/runtime@^7.4.4", "@babel/runtime@^7.5.5", "@babel/runtime@^7.8.3", "@babel/runtime@^7.8.7":
  version "7.14.6"
  resolved "https://registry.nlark.com/@babel/runtime/download/@babel/runtime-7.14.6.tgz?cache=0&sync_timestamp=1623708247115&other_urls=https%3A%2F%2Fregistry.nlark.com%2F%40babel%2Fruntime%2Fdownload%2F%40babel%2Fruntime-7.14.6.tgz#535203bc0892efc7dec60bdc27b2ecf6e409062d"
  integrity sha1-U1IDvAiS78fexgvcJ7Ls9uQJBi0=
  dependencies:
    regenerator-runtime "^0.13.4"

"@emotion/hash@^0.8.0":
  version "0.8.0"
  resolved "https://registry.npm.taobao.org/@emotion/hash/download/@emotion/hash-0.8.0.tgz#bbbff68978fefdbe68ccb533bc8cbe1d1afb5413"
  integrity sha1-u7/2iXj+/b5ozLUzvIy+HRr7VBM=

"@material-ui/core@latest":
  version "4.11.4"
  resolved "https://registry.nlark.com/@material-ui/core/download/@material-ui/core-4.11.4.tgz#4fb9fe5dec5dcf780b687e3a40cff78b2b9640a4"
  integrity sha1-T7n+Xexdz3gLaH46QM/3iyuWQKQ=
  dependencies:
    "@babel/runtime" "^7.4.4"
    "@material-ui/styles" "^4.11.4"
    "@material-ui/system" "^4.11.3"
    "@material-ui/types" "5.1.0"
    "@material-ui/utils" "^4.11.2"
    "@types/react-transition-group" "^4.2.0"
    clsx "^1.0.4"
    hoist-non-react-statics "^3.3.2"
    popper.js "1.16.1-lts"
    prop-types "^15.7.2"
    react-is "^16.8.0 || ^17.0.0"
    react-transition-group "^4.4.0"

"@material-ui/icons@^4.11.2":
  version "4.11.2"
  resolved "https://registry.nlark.com/@material-ui/icons/download/@material-ui/icons-4.11.2.tgz#b3a7353266519cd743b6461ae9fdfcb1b25eb4c5"
  integrity sha1-s6c1MmZRnNdDtkYa6f38sbJetMU=
  dependencies:
    "@babel/runtime" "^7.4.4"

"@material-ui/styles@^4.11.4":
  version "4.11.4"
  resolved "https://registry.nlark.com/@material-ui/styles/download/@material-ui/styles-4.11.4.tgz#eb9dfccfcc2d208243d986457dff025497afa00d"
  integrity sha1-6538z8wtIIJD2YZFff8CVJevoA0=
  dependencies:
    "@babel/runtime" "^7.4.4"
    "@emotion/hash" "^0.8.0"
    "@material-ui/types" "5.1.0"
    "@material-ui/utils" "^4.11.2"
    clsx "^1.0.4"
    csstype "^2.5.2"
    hoist-non-react-statics "^3.3.2"
    jss "^10.5.1"
    jss-plugin-camel-case "^10.5.1"
    jss-plugin-default-unit "^10.5.1"
    jss-plugin-global "^10.5.1"
    jss-plugin-nested "^10.5.1"
    jss-plugin-props-sort "^10.5.1"
    jss-plugin-rule-value-function "^10.5.1"
    jss-plugin-vendor-prefixer "^10.5.1"
    prop-types "^15.7.2"

"@material-ui/system@^4.11.3":
  version "4.11.3"
  resolved "https://registry.nlark.com/@material-ui/system/download/@material-ui/system-4.11.3.tgz#466bc14c9986798fd325665927c963eb47cc4143"
  integrity sha1-RmvBTJmGeY/TJWZZJ8lj60fMQUM=
  dependencies:
    "@babel/runtime" "^7.4.4"
    "@material-ui/utils" "^4.11.2"
    csstype "^2.5.2"
    prop-types "^15.7.2"

"@material-ui/types@5.1.0":
  version "5.1.0"
  resolved "https://registry.nlark.com/@material-ui/types/download/@material-ui/types-5.1.0.tgz#efa1c7a0b0eaa4c7c87ac0390445f0f88b0d88f2"
  integrity sha1-76HHoLDqpMfIesA5BEXw+IsNiPI=

"@material-ui/utils@^4.11.2":
  version "4.11.2"
  resolved "https://registry.nlark.com/@material-ui/utils/download/@material-ui/utils-4.11.2.tgz#f1aefa7e7dff2ebcb97d31de51aecab1bb57540a"
  integrity sha1-8a76fn3/Lry5fTHeUa7KsbtXVAo=
  dependencies:
    "@babel/runtime" "^7.4.4"
    prop-types "^15.7.2"
    react-is "^16.8.0 || ^17.0.0"

"@monaco-editor/loader@^1.1.0":
  version "1.1.0"
  resolved "https://registry.nlark.com/@monaco-editor/loader/download/@monaco-editor/loader-1.1.0.tgz#24106ea29201f2fd1d8eeb769b4d067c77d7e7b5"
  integrity sha1-JBBuopIB8v0djut2m00GfHfX57U=
  dependencies:
    state-local "^1.0.6"

"@monaco-editor/react@^4.2.0":
  version "4.2.0"
  resolved "https://registry.nlark.com/@monaco-editor/react/download/@monaco-editor/react-4.2.0.tgz#55bb8e533f43aa4cdc0cb0e0a7cbaf5e6bfe204d"
  integrity sha1-VbuOUz9DqkzcDLDgp8uvXmv+IE0=
  dependencies:
    "@monaco-editor/loader" "^1.1.0"
    prop-types "^15.7.2"
    state-local "^1.0.7"

"@rjsf/core@^2.5.1":
  version "2.5.1"
  resolved "https://registry.npm.taobao.org/@rjsf/core/download/@rjsf/core-2.5.1.tgz#95a842d22bab5f83929662fcd73739108e9f5cbb"
  integrity sha1-lahC0iurX4OSlmL81zc5EI6fXLs=
  dependencies:
    "@babel/runtime-corejs2" "^7.8.7"
    "@types/json-schema" "^7.0.4"
    ajv "^6.7.0"
    core-js "^2.5.7"
    json-schema-merge-allof "^0.6.0"
    jsonpointer "^4.0.1"
    lodash "^4.17.15"
    prop-types "^15.7.2"
    react-app-polyfill "^1.0.4"
    react-is "^16.9.0"
    shortid "^2.2.14"

"@rjsf/material-ui@^2.5.1":
  version "2.5.1"
  resolved "https://registry.nlark.com/@rjsf/material-ui/download/@rjsf/material-ui-2.5.1.tgz#b93ac9f1f4a909e2aae729616859c2d72557e53e"
  integrity sha1-uTrJ8fSpCeKq5ylhaFnC1yVX5T4=

"@types/d3-path@^1":
  version "1.0.9"
  resolved "https://registry.nlark.com/@types/d3-path/download/@types/d3-path-1.0.9.tgz?cache=0&sync_timestamp=1621241292913&other_urls=https%3A%2F%2Fregistry.nlark.com%2F%40types%2Fd3-path%2Fdownload%2F%40types%2Fd3-path-1.0.9.tgz#73526b150d14cd96e701597cbf346cfd1fd4a58c"
  integrity sha1-c1JrFQ0UzZbnAVl8vzRs/R/UpYw=

"@types/d3-scale@^3.0.0":
  version "3.3.0"
  resolved "https://registry.nlark.com/@types/d3-scale/download/@types/d3-scale-3.3.0.tgz#7ab91db0186bac0f24834ceb33f970e829f2fba1"
  integrity sha1-erkdsBhrrA8kg0zrM/lw6Cny+6E=
  dependencies:
    "@types/d3-time" "*"

"@types/d3-shape@^2.0.0":
  version "2.1.0"
  resolved "https://registry.nlark.com/@types/d3-shape/download/@types/d3-shape-2.1.0.tgz?cache=0&sync_timestamp=1621593741822&other_urls=https%3A%2F%2Fregistry.nlark.com%2F%40types%2Fd3-shape%2Fdownload%2F%40types%2Fd3-shape-2.1.0.tgz#cc7bbc9fc2c25f092bd457887a3224a21a55ca55"
  integrity sha1-zHu8n8LCXwkr1FeIejIkohpVylU=
  dependencies:
    "@types/d3-path" "^1"

"@types/d3-time@*":
  version "2.1.0"
  resolved "https://registry.nlark.com/@types/d3-time/download/@types/d3-time-2.1.0.tgz#95708e5c92b199959806fd2116eeb3dfa0e9661c"
  integrity sha1-lXCOXJKxmZWYBv0hFu6z36DpZhw=

"@types/json-schema@^7.0.4":
  version "7.0.7"
  resolved "https://registry.nlark.com/@types/json-schema/download/@types/json-schema-7.0.7.tgz#98a993516c859eb0d5c4c8f098317a9ea68db9ad"
  integrity sha1-mKmTUWyFnrDVxMjwmDF6nqaNua0=

"@types/prop-types@*":
  version "15.7.3"
  resolved "https://registry.nlark.com/@types/prop-types/download/@types/prop-types-15.7.3.tgz#2ab0d5da2e5815f94b0b9d4b95d1e5f243ab2ca7"
  integrity sha1-KrDV2i5YFflLC51LldHl8kOrLKc=

"@types/react-transition-group@^4.2.0":
  version "4.4.1"
  resolved "https://registry.nlark.com/@types/react-transition-group/download/@types/react-transition-group-4.4.1.tgz#e1a3cb278df7f47f17b5082b1b3da17170bd44b1"
  integrity sha1-4aPLJ4339H8XtQgrGz2hcXC9RLE=
  dependencies:
    "@types/react" "*"

"@types/react@*":
  version "17.0.11"
  resolved "https://registry.nlark.com/@types/react/download/@types/react-17.0.11.tgz?cache=0&sync_timestamp=1623247414072&other_urls=https%3A%2F%2Fregistry.nlark.com%2F%40types%2Freact%2Fdownload%2F%40types%2Freact-17.0.11.tgz#67fcd0ddbf5a0b083a0f94e926c7d63f3b836451"
  integrity sha1-Z/zQ3b9aCwg6D5TpJsfWPzuDZFE=
  dependencies:
    "@types/prop-types" "*"
    "@types/scheduler" "*"
    csstype "^3.0.2"

"@types/resize-observer-browser@^0.1.5":
  version "0.1.5"
  resolved "https://registry.nlark.com/@types/resize-observer-browser/download/@types/resize-observer-browser-0.1.5.tgz#36d897708172ac2380cd486da7a3daf1161c1e23"
  integrity sha1-NtiXcIFyrCOAzUhtp6Pa8RYcHiM=

"@types/scheduler@*":
  version "0.16.1"
  resolved "https://registry.nlark.com/@types/scheduler/download/@types/scheduler-0.16.1.tgz?cache=0&sync_timestamp=1621242658440&other_urls=https%3A%2F%2Fregistry.nlark.com%2F%40types%2Fscheduler%2Fdownload%2F%40types%2Fscheduler-0.16.1.tgz#18845205e86ff0038517aab7a18a62a6b9f71275"
  integrity sha1-GIRSBehv8AOFF6q3oYpiprn3EnU=

ajv@^6.7.0:
  version "6.12.6"
  resolved "https://registry.nlark.com/ajv/download/ajv-6.12.6.tgz#baf5a62e802b07d977034586f8c3baf5adf26df4"
  integrity sha1-uvWmLoArB9l3A0WG+MO69a3ybfQ=
  dependencies:
    fast-deep-equal "^3.1.1"
    fast-json-stable-stringify "^2.0.0"
    json-schema-traverse "^0.4.1"
    uri-js "^4.2.2"

asap@~2.0.6:
  version "2.0.6"
  resolved "https://registry.npm.taobao.org/asap/download/asap-2.0.6.tgz#e50347611d7e690943208bbdafebcbc2fb866d46"
  integrity sha1-5QNHYR1+aQlDIIu9r+vLwvuGbUY=

classnames@^2.2.5:
  version "2.3.1"
  resolved "https://registry.npm.taobao.org/classnames/download/classnames-2.3.1.tgz#dfcfa3891e306ec1dad105d0e88f4417b8535e8e"
  integrity sha1-38+jiR4wbsHa0QXQ6I9EF7hTXo4=

clsx@^1.0.4, clsx@latest:
  version "1.1.1"
  resolved "https://registry.npm.taobao.org/clsx/download/clsx-1.1.1.tgz#98b3134f9abbdf23b2663491ace13c5c03a73188"
  integrity sha1-mLMTT5q73yOyZjSRrOE8XAOnMYg=

compute-gcd@^1.2.1:
  version "1.2.1"
  resolved "https://registry.npm.taobao.org/compute-gcd/download/compute-gcd-1.2.1.tgz#34d639f3825625e1357ce81f0e456a6249d8c77f"
  integrity sha1-NNY584JWJeE1fOgfDkVqYknYx38=
  dependencies:
    validate.io-array "^1.0.3"
    validate.io-function "^1.0.2"
    validate.io-integer-array "^1.0.0"

compute-lcm@^1.1.0:
  version "1.1.2"
  resolved "https://registry.npm.taobao.org/compute-lcm/download/compute-lcm-1.1.2.tgz#9107c66b9dca28cefb22b4ab4545caac4034af23"
  integrity sha1-kQfGa53KKM77IrSrRUXKrEA0ryM=
  dependencies:
    compute-gcd "^1.2.1"
    validate.io-array "^1.0.3"
    validate.io-function "^1.0.2"
    validate.io-integer-array "^1.0.0"

core-js@^2.5.7, core-js@^2.6.5:
  version "2.6.12"
  resolved "https://registry.nlark.com/core-js/download/core-js-2.6.12.tgz#d9333dfa7b065e347cc5682219d6f690859cc2ec"
  integrity sha1-2TM9+nsGXjR8xWgiGdb2kIWcwuw=

core-js@^3.5.0:
  version "3.14.0"
  resolved "https://registry.nlark.com/core-js/download/core-js-3.14.0.tgz#62322b98c71cc2018b027971a69419e2425c2a6c"
  integrity sha1-YjIrmMccwgGLAnlxppQZ4kJcKmw=

css-unit-converter@^1.1.1:
  version "1.1.2"
  resolved "https://registry.npm.taobao.org/css-unit-converter/download/css-unit-converter-1.1.2.tgz#4c77f5a1954e6dbff60695ecb214e3270436ab21"
  integrity sha1-THf1oZVObb/2BpXsshTjJwQ2qyE=

css-vendor@^2.0.8:
  version "2.0.8"
  resolved "https://registry.npm.taobao.org/css-vendor/download/css-vendor-2.0.8.tgz#e47f91d3bd3117d49180a3c935e62e3d9f7f449d"
  integrity sha1-5H+R070xF9SRgKPJNeYuPZ9/RJ0=
  dependencies:
    "@babel/runtime" "^7.8.3"
    is-in-browser "^1.0.2"

csstype@^2.5.2:
  version "2.6.17"
  resolved "https://registry.nlark.com/csstype/download/csstype-2.6.17.tgz?cache=0&sync_timestamp=1618818466657&other_urls=https%3A%2F%2Fregistry.nlark.com%2Fcsstype%2Fdownload%2Fcsstype-2.6.17.tgz#4cf30eb87e1d1a005d8b6510f95292413f6a1c0e"
  integrity sha1-TPMOuH4dGgBdi2UQ+VKSQT9qHA4=

csstype@^3.0.2:
  version "3.0.8"
  resolved "https://registry.nlark.com/csstype/download/csstype-3.0.8.tgz?cache=0&sync_timestamp=1618818466657&other_urls=https%3A%2F%2Fregistry.nlark.com%2Fcsstype%2Fdownload%2Fcsstype-3.0.8.tgz#d2266a792729fb227cd216fb572f43728e1ad340"
  integrity sha1-0iZqeScp+yJ80hb7Vy9Dco4a00A=

d3-array@2, d3-array@^2.3.0:
  version "2.12.1"
  resolved "https://registry.nlark.com/d3-array/download/d3-array-2.12.1.tgz#e20b41aafcdffdf5d50928004ececf815a465e81"
  integrity sha1-4gtBqvzf/fXVCSgATs7PgVpGXoE=
  dependencies:
    internmap "^1.0.0"

"d3-color@1 - 2":
  version "2.0.0"
  resolved "https://registry.nlark.com/d3-color/download/d3-color-2.0.0.tgz?cache=0&sync_timestamp=1622917832534&other_urls=https%3A%2F%2Fregistry.nlark.com%2Fd3-color%2Fdownload%2Fd3-color-2.0.0.tgz#8d625cab42ed9b8f601a1760a389f7ea9189d62e"
  integrity sha1-jWJcq0Ltm49gGhdgo4n36pGJ1i4=

"d3-format@1 - 2":
  version "2.0.0"
  resolved "https://registry.nlark.com/d3-format/download/d3-format-2.0.0.tgz?cache=0&sync_timestamp=1622918263829&other_urls=https%3A%2F%2Fregistry.nlark.com%2Fd3-format%2Fdownload%2Fd3-format-2.0.0.tgz#a10bcc0f986c372b729ba447382413aabf5b0767"
  integrity sha1-oQvMD5hsNytym6RHOCQTqr9bB2c=

"d3-interpolate@1.2.0 - 2", d3-interpolate@^2.0.1:
  version "2.0.1"
  resolved "https://registry.nlark.com/d3-interpolate/download/d3-interpolate-2.0.1.tgz#98be499cfb8a3b94d4ff616900501a64abc91163"
  integrity sha1-mL5JnPuKO5TU/2FpAFAaZKvJEWM=
  dependencies:
    d3-color "1 - 2"

"d3-path@1 - 2":
  version "2.0.0"
  resolved "https://registry.nlark.com/d3-path/download/d3-path-2.0.0.tgz?cache=0&sync_timestamp=1622917833000&other_urls=https%3A%2F%2Fregistry.nlark.com%2Fd3-path%2Fdownload%2Fd3-path-2.0.0.tgz#55d86ac131a0548adae241eebfb56b4582dd09d8"
  integrity sha1-VdhqwTGgVIra4kHuv7VrRYLdCdg=

d3-scale@^3.2.3:
  version "3.3.0"
  resolved "https://registry.nlark.com/d3-scale/download/d3-scale-3.3.0.tgz#28c600b29f47e5b9cd2df9749c206727966203f3"
  integrity sha1-KMYAsp9H5bnNLfl0nCBnJ5ZiA/M=
  dependencies:
    d3-array "^2.3.0"
    d3-format "1 - 2"
    d3-interpolate "1.2.0 - 2"
    d3-time "^2.1.1"
    d3-time-format "2 - 3"

d3-shape@^2.0.0:
  version "2.1.0"
  resolved "https://registry.nlark.com/d3-shape/download/d3-shape-2.1.0.tgz?cache=0&sync_timestamp=1622917833478&other_urls=https%3A%2F%2Fregistry.nlark.com%2Fd3-shape%2Fdownload%2Fd3-shape-2.1.0.tgz#3b6a82ccafbc45de55b57fcf956c584ded3b666f"
  integrity sha1-O2qCzK+8Rd5VtX/PlWxYTe07Zm8=
  dependencies:
    d3-path "1 - 2"

"d3-time-format@2 - 3":
  version "3.0.0"
  resolved "https://registry.nlark.com/d3-time-format/download/d3-time-format-3.0.0.tgz#df8056c83659e01f20ac5da5fdeae7c08d5f1bb6"
  integrity sha1-34BWyDZZ4B8grF2l/ernwI1fG7Y=
  dependencies:
    d3-time "1 - 2"

"d3-time@1 - 2", d3-time@^2.1.1:
  version "2.1.1"
  resolved "https://registry.nlark.com/d3-time/download/d3-time-2.1.1.tgz?cache=0&sync_timestamp=1622916838153&other_urls=https%3A%2F%2Fregistry.nlark.com%2Fd3-time%2Fdownload%2Fd3-time-2.1.1.tgz#e9d8a8a88691f4548e68ca085e5ff956724a6682"
  integrity sha1-6dioqIaR9FSOaMoIXl/5VnJKZoI=
  dependencies:
    d3-array "2"

decimal.js-light@^2.4.1:
  version "2.5.1"
  resolved "https://registry.npm.taobao.org/decimal.js-light/download/decimal.js-light-2.5.1.tgz#134fd32508f19e208f4fb2f8dac0d2626a867934"
  integrity sha1-E0/TJQjxniCPT7L42sDSYmqGeTQ=

dom-helpers@^3.4.0:
  version "3.4.0"
  resolved "https://registry.nlark.com/dom-helpers/download/dom-helpers-3.4.0.tgz#e9b369700f959f62ecde5a6babde4bccd9169af8"
  integrity sha1-6bNpcA+Vn2Ls3lprq95LzNkWmvg=
  dependencies:
    "@babel/runtime" "^7.1.2"

dom-helpers@^5.0.1:
  version "5.2.1"
  resolved "https://registry.nlark.com/dom-helpers/download/dom-helpers-5.2.1.tgz#d9400536b2bf8225ad98fe052e029451ac40e902"
  integrity sha1-2UAFNrK/giWtmP4FLgKUUaxA6QI=
  dependencies:
    "@babel/runtime" "^7.8.7"
    csstype "^3.0.2"

eventemitter3@^4.0.1:
  version "4.0.7"
  resolved "https://registry.npm.taobao.org/eventemitter3/download/eventemitter3-4.0.7.tgz#2de9b68f6528d5644ef5c59526a1b4a07306169f"
  integrity sha1-Lem2j2Uo1WRO9cWVJqG0oHMGFp8=

fast-deep-equal@^3.1.1:
  version "3.1.3"
  resolved "https://registry.npm.taobao.org/fast-deep-equal/download/fast-deep-equal-3.1.3.tgz#3a7d56b559d6cbc3eb512325244e619a65c6c525"
  integrity sha1-On1WtVnWy8PrUSMlJE5hmmXGxSU=

fast-equals@^2.0.0:
  version "2.0.3"
  resolved "https://registry.nlark.com/fast-equals/download/fast-equals-2.0.3.tgz#7039b0a039909f345a2ce53f6202a14e5f392efc"
  integrity sha1-cDmwoDmQnzRaLOU/YgKhTl85Lvw=

fast-json-stable-stringify@^2.0.0:
  version "2.1.0"
  resolved "https://registry.npm.taobao.org/fast-json-stable-stringify/download/fast-json-stable-stringify-2.1.0.tgz#874bf69c6f404c2b5d99c481341399fd55892633"
  integrity sha1-h0v2nG9ATCtdmcSBNBOZ/VWJJjM=

hoist-non-react-statics@^3.3.2:
  version "3.3.2"
  resolved "https://registry.npm.taobao.org/hoist-non-react-statics/download/hoist-non-react-statics-3.3.2.tgz#ece0acaf71d62c2969c2ec59feff42a4b1a85b45"
  integrity sha1-7OCsr3HWLClpwuxZ/v9CpLGoW0U=
  dependencies:
    react-is "^16.7.0"

hookrouter@^1.2.5:
  version "1.2.5"
  resolved "https://registry.nlark.com/hookrouter/download/hookrouter-1.2.5.tgz#ea1b88fd9f6a48816b17145bfb2b38dfc93df21e"
  integrity sha1-6huI/Z9qSIFrFxRb+ys438k98h4=

hyphenate-style-name@^1.0.3:
  version "1.0.4"
  resolved "https://registry.npm.taobao.org/hyphenate-style-name/download/hyphenate-style-name-1.0.4.tgz#691879af8e220aea5750e8827db4ef62a54e361d"
  integrity sha1-aRh5r44iCupXUOiCfbTvYqVONh0=

indefinite-observable@^2.0.1:
  version "2.0.1"
  resolved "https://registry.npm.taobao.org/indefinite-observable/download/indefinite-observable-2.0.1.tgz#574af29bfbc17eb5947793797bddc94c9d859400"
  integrity sha1-V0rym/vBfrWUd5N5e93JTJ2FlAA=
  dependencies:
    symbol-observable "1.2.0"

internmap@^1.0.0:
  version "1.0.1"
  resolved "https://registry.nlark.com/internmap/download/internmap-1.0.1.tgz?cache=0&sync_timestamp=1622917359701&other_urls=https%3A%2F%2Fregistry.nlark.com%2Finternmap%2Fdownload%2Finternmap-1.0.1.tgz#0017cc8a3b99605f0302f2b198d272e015e5df95"
  integrity sha1-ABfMijuZYF8DAvKxmNJy4BXl35U=

is-in-browser@^1.0.2, is-in-browser@^1.1.3:
  version "1.1.3"
  resolved "https://registry.npm.taobao.org/is-in-browser/download/is-in-browser-1.1.3.tgz#56ff4db683a078c6082eb95dad7dc62e1d04f835"
  integrity sha1-Vv9NtoOgeMYILrldrX3GLh0E+DU=

"js-tokens@^3.0.0 || ^4.0.0":
  version "4.0.0"
  resolved "https://registry.nlark.com/js-tokens/download/js-tokens-4.0.0.tgz?cache=0&sync_timestamp=1619345098261&other_urls=https%3A%2F%2Fregistry.nlark.com%2Fjs-tokens%2Fdownload%2Fjs-tokens-4.0.0.tgz#19203fb59991df98e3a287050d4647cdeaf32499"
  integrity sha1-GSA/tZmR35jjoocFDUZHzerzJJk=

json-schema-compare@^0.2.2:
  version "0.2.2"
  resolved "https://registry.npm.taobao.org/json-schema-compare/download/json-schema-compare-0.2.2.tgz#dd601508335a90c7f4cfadb6b2e397225c908e56"
  integrity sha1-3WAVCDNakMf0z622suOXIlyQjlY=
  dependencies:
    lodash "^4.17.4"

json-schema-merge-allof@^0.6.0:
  version "0.6.0"
  resolved "https://registry.npm.taobao.org/json-schema-merge-allof/download/json-schema-merge-allof-0.6.0.tgz#64d48820fec26b228db837475ce3338936bf59a5"
  integrity sha1-ZNSIIP7CayKNuDdHXOMziTa/WaU=
  dependencies:
    compute-lcm "^1.1.0"
    json-schema-compare "^0.2.2"
    lodash "^4.17.4"

json-schema-traverse@^0.4.1:
  version "0.4.1"
  resolved "https://registry.npm.taobao.org/json-schema-traverse/download/json-schema-traverse-0.4.1.tgz#69f6a87d9513ab8bb8fe63bdb0979c448e684660"
  integrity sha1-afaofZUTq4u4/mO9sJecRI5oRmA=

jsonpointer@^4.0.1:
  version "4.1.0"
  resolved "https://registry.npm.taobao.org/jsonpointer/download/jsonpointer-4.1.0.tgz#501fb89986a2389765ba09e6053299ceb4f2c2cc"
  integrity sha1-UB+4mYaiOJdlugnmBTKZzrTywsw=

jss-plugin-camel-case@^10.5.1:
  version "10.6.0"
  resolved "https://registry.npm.taobao.org/jss-plugin-camel-case/download/jss-plugin-camel-case-10.6.0.tgz#93d2cd704bf0c4af70cc40fb52d74b8a2554b170"
  integrity sha1-k9LNcEvwxK9wzED7UtdLiiVUsXA=
  dependencies:
    "@babel/runtime" "^7.3.1"
    hyphenate-style-name "^1.0.3"
    jss "10.6.0"

jss-plugin-default-unit@^10.5.1:
  version "10.6.0"
  resolved "https://registry.npm.taobao.org/jss-plugin-default-unit/download/jss-plugin-default-unit-10.6.0.tgz#af47972486819b375f0f3a9e0213403a84b5ef3b"
  integrity sha1-r0eXJIaBmzdfDzqeAhNAOoS17zs=
  dependencies:
    "@babel/runtime" "^7.3.1"
    jss "10.6.0"

jss-plugin-global@^10.5.1:
  version "10.6.0"
  resolved "https://registry.npm.taobao.org/jss-plugin-global/download/jss-plugin-global-10.6.0.tgz#3e8011f760f399cbadcca7f10a485b729c50e3ed"
  integrity sha1-PoAR92DzmcutzKfxCkhbcpxQ4+0=
  dependencies:
    "@babel/runtime" "^7.3.1"
    jss "10.6.0"

jss-plugin-nested@^10.5.1:
  version "10.6.0"
  resolved "https://registry.npm.taobao.org/jss-plugin-nested/download/jss-plugin-nested-10.6.0.tgz#5f83c5c337d3b38004834e8426957715a0251641"
  integrity sha1-X4PFwzfTs4AEg06EJpV3FaAlFkE=
  dependencies:
    "@babel/runtime" "^7.3.1"
    jss "10.6.0"
    tiny-warning "^1.0.2"

jss-plugin-props-sort@^10.5.1:
  version "10.6.0"
  resolved "https://registry.npm.taobao.org/jss-plugin-props-sort/download/jss-plugin-props-sort-10.6.0.tgz#297879f35f9fe21196448579fee37bcde28ce6bc"
  integrity sha1-KXh581+f4hGWRIV5/uN7zeKM5rw=
  dependencies:
    "@babel/runtime" "^7.3.1"
    jss "10.6.0"

jss-plugin-rule-value-function@^10.5.1:
  version "10.6.0"
  resolved "https://registry.npm.taobao.org/jss-plugin-rule-value-function/download/jss-plugin-rule-value-function-10.6.0.tgz#3c1a557236a139d0151e70a82c810ccce1c1c5ea"
  integrity sha1-PBpVcjahOdAVHnCoLIEMzOHBxeo=
  dependencies:
    "@babel/runtime" "^7.3.1"
    jss "10.6.0"
    tiny-warning "^1.0.2"

jss-plugin-vendor-prefixer@^10.5.1:
  version "10.6.0"
  resolved "https://registry.npm.taobao.org/jss-plugin-vendor-prefixer/download/jss-plugin-vendor-prefixer-10.6.0.tgz#e1fcd499352846890c38085b11dbd7aa1c4f2c78"
  integrity sha1-4fzUmTUoRokMOAhbEdvXqhxPLHg=
  dependencies:
    "@babel/runtime" "^7.3.1"
    css-vendor "^2.0.8"
    jss "10.6.0"

jss@10.6.0, jss@^10.5.1:
  version "10.6.0"
  resolved "https://registry.npm.taobao.org/jss/download/jss-10.6.0.tgz#d92ff9d0f214f65ca1718591b68e107be4774149"
  integrity sha1-2S/50PIU9lyhcYWRto4Qe+R3QUk=
  dependencies:
    "@babel/runtime" "^7.3.1"
    csstype "^3.0.2"
    indefinite-observable "^2.0.1"
    is-in-browser "^1.1.3"
    tiny-warning "^1.0.2"

lodash.debounce@^4.0.8:
  version "4.0.8"
  resolved "https://registry.npm.taobao.org/lodash.debounce/download/lodash.debounce-4.0.8.tgz#82d79bff30a67c4005ffd5e2515300ad9ca4d7af"
  integrity sha1-gteb/zCmfEAF/9XiUVMArZyk168=

lodash.throttle@^4.1.1:
  version "4.1.1"
  resolved "https://registry.npm.taobao.org/lodash.throttle/download/lodash.throttle-4.1.1.tgz#c23e91b710242ac70c37f1e1cda9274cc39bf2f4"
  integrity sha1-wj6RtxAkKscMN/HhzaknTMOb8vQ=

lodash@^4.17.15, lodash@^4.17.19, lodash@^4.17.21, lodash@^4.17.4:
  version "4.17.21"
  resolved "https://registry.npm.taobao.org/lodash/download/lodash-4.17.21.tgz?cache=0&sync_timestamp=1615982514995&other_urls=https%3A%2F%2Fregistry.npm.taobao.org%2Flodash%2Fdownload%2Flodash-4.17.21.tgz#679591c564c3bffaae8454cf0b3df370c3d6911c"
  integrity sha1-Z5WRxWTDv/quhFTPCz3zcMPWkRw=

loose-envify@^1.1.0, loose-envify@^1.4.0:
  version "1.4.0"
  resolved "https://registry.npm.taobao.org/loose-envify/download/loose-envify-1.4.0.tgz#71ee51fa7be4caec1a63839f7e682d8132d30caf"
  integrity sha1-ce5R+nvkyuwaY4OffmgtgTLTDK8=
  dependencies:
    js-tokens "^3.0.0 || ^4.0.0"

mobx-react-lite@^3.2.0:
  version "3.2.0"
  resolved "https://registry.npm.taobao.org/mobx-react-lite/download/mobx-react-lite-3.2.0.tgz#331d7365a6b053378dfe9c087315b4e41c5df69f"
  integrity sha1-Mx1zZaawUzeN/pwIcxW05Bxd9p8=

mobx-react@^7.2.0:
  version "7.2.0"
  resolved "https://registry.nlark.com/mobx-react/download/mobx-react-7.2.0.tgz#241e925e963bb83a31d269f65f9f379e37ecbaeb"
  integrity sha1-JB6SXpY7uDox0mn2X583njfsuus=
  dependencies:
    mobx-react-lite "^3.2.0"

mobx@^6.3.2:
  version "6.3.2"
  resolved "https://registry.nlark.com/mobx/download/mobx-6.3.2.tgz#125590961f702a572c139ab69392bea416d2e51b"
  integrity sha1-ElWQlh9wKlcsE5q2k5K+pBbS5Rs=

nanoid@^2.1.0:
  version "2.1.11"
  resolved "https://registry.nlark.com/nanoid/download/nanoid-2.1.11.tgz#ec24b8a758d591561531b4176a01e3ab4f0f0280"
  integrity sha1-7CS4p1jVkVYVMbQXagHjq08PAoA=

object-assign@^4.1.1:
  version "4.1.1"
  resolved "https://registry.npm.taobao.org/object-assign/download/object-assign-4.1.1.tgz#2109adc7965887cfc05cbbd442cac8bfbb360863"
  integrity sha1-IQmtx5ZYh8/AXLvUQsrIv7s2CGM=

performance-now@^2.1.0:
  version "2.1.0"
  resolved "https://registry.npm.taobao.org/performance-now/download/performance-now-2.1.0.tgz#6309f4e0e5fa913ec1c69307ae364b4b377c9e7b"
  integrity sha1-Ywn04OX6kT7BxpMHrjZLSzd8nns=

popper.js@1.16.1-lts:
  version "1.16.1-lts"
  resolved "https://registry.npm.taobao.org/popper.js/download/popper.js-1.16.1-lts.tgz#cf6847b807da3799d80ee3d6d2f90df8a3f50b05"
  integrity sha1-z2hHuAfaN5nYDuPW0vkN+KP1CwU=

postcss-value-parser@^3.3.0:
  version "3.3.1"
  resolved "https://registry.npm.taobao.org/postcss-value-parser/download/postcss-value-parser-3.3.1.tgz#9ff822547e2893213cf1c30efa51ac5fd1ba8281"
  integrity sha1-n/giVH4okyE88cMO+lGsX9G6goE=

promise@^8.0.3:
  version "8.1.0"
  resolved "https://registry.npm.taobao.org/promise/download/promise-8.1.0.tgz#697c25c3dfe7435dd79fcd58c38a135888eaf05e"
  integrity sha1-aXwlw9/nQ13Xn81Yw4oTWIjq8F4=
  dependencies:
    asap "~2.0.6"

prop-types@^15.6.2:
  version "15.7.2"
  resolved "https://registry.npm.taobao.org/prop-types/download/prop-types-15.7.2.tgz?cache=0&sync_timestamp=1615984425557&other_urls=https%3A%2F%2Fregistry.npm.taobao.org%2Fprop-types%2Fdownload%2Fprop-types-15.7.2.tgz#52c41e75b8c87e72b9d9360e0206b99dcbffa6c5"
  integrity sha1-UsQedbjIfnK52TYOAga5ncv/psU=
  dependencies:
    loose-envify "^1.4.0"
    object-assign "^4.1.1"
    react-is "^16.8.1"

prop-types@^15.7.2:
  version "15.7.2"
  resolved "https://registry.npm.taobao.org/prop-types/download/prop-types-15.7.2.tgz#52c41e75b8c87e72b9d9360e0206b99dcbffa6c5"
  integrity sha1-UsQedbjIfnK52TYOAga5ncv/psU=
  dependencies:
    loose-envify "^1.4.0"
    object-assign "^4.1.1"
    react-is "^16.8.1"

punycode@^2.1.0:
  version "2.1.1"
  resolved "https://registry.npm.taobao.org/punycode/download/punycode-2.1.1.tgz#b58b010ac40c22c5657616c8d2c2c02c7bf479ec"
  integrity sha1-tYsBCsQMIsVldhbI0sLALHv0eew=

raf@^3.4.0, raf@^3.4.1:
  version "3.4.1"
  resolved "https://registry.npm.taobao.org/raf/download/raf-3.4.1.tgz#0742e99a4a6552f445d73e3ee0328af0ff1ede39"
  integrity sha1-B0LpmkplUvRF1z4+4DKK8P8e3jk=
  dependencies:
    performance-now "^2.1.0"

react-app-polyfill@^1.0.4:
  version "1.0.6"
  resolved "https://registry.npm.taobao.org/react-app-polyfill/download/react-app-polyfill-1.0.6.tgz#890f8d7f2842ce6073f030b117de9130a5f385f0"
  integrity sha1-iQ+NfyhCzmBz8DCxF96RMKXzhfA=
  dependencies:
    core-js "^3.5.0"
    object-assign "^4.1.1"
    promise "^8.0.3"
    raf "^3.4.1"
    regenerator-runtime "^0.13.3"
    whatwg-fetch "^3.0.0"

react-dom@latest:
  version "17.0.2"
  resolved "https://registry.nlark.com/react-dom/download/react-dom-17.0.2.tgz#ecffb6845e3ad8dbfcdc498f0d0a939736502c23"
  integrity sha1-7P+2hF462Nv83EmPDQqTlzZQLCM=
  dependencies:
    loose-envify "^1.1.0"
    object-assign "^4.1.1"
    scheduler "^0.20.2"

react-is@16.10.2:
  version "16.10.2"
  resolved "https://registry.nlark.com/react-is/download/react-is-16.10.2.tgz?cache=0&sync_timestamp=1624033049355&other_urls=https%3A%2F%2Fregistry.nlark.com%2Freact-is%2Fdownload%2Freact-is-16.10.2.tgz#984120fd4d16800e9a738208ab1fba422d23b5ab"
  integrity sha1-mEEg/U0WgA6ac4IIqx+6Qi0jtas=

react-is@^16.7.0, react-is@^16.8.1, react-is@^16.9.0:
  version "16.13.1"
  resolved "https://registry.nlark.com/react-is/download/react-is-16.13.1.tgz?cache=0&sync_timestamp=1624033049355&other_urls=https%3A%2F%2Fregistry.nlark.com%2Freact-is%2Fdownload%2Freact-is-16.13.1.tgz#789729a4dc36de2999dc156dd6c1d9c18cea56a4"
  integrity sha1-eJcppNw23imZ3BVt1sHZwYzqVqQ=

"react-is@^16.8.0 || ^17.0.0":
  version "17.0.2"
  resolved "https://registry.nlark.com/react-is/download/react-is-17.0.2.tgz?cache=0&sync_timestamp=1624033049355&other_urls=https%3A%2F%2Fregistry.nlark.com%2Freact-is%2Fdownload%2Freact-is-17.0.2.tgz#e691d4a8e9c789365655539ab372762b0efb54f0"
  integrity sha1-5pHUqOnHiTZWVVOas3J2Kw77VPA=

react-lifecycles-compat@^3.0.4:
  version "3.0.4"
  resolved "https://registry.npm.taobao.org/react-lifecycles-compat/download/react-lifecycles-compat-3.0.4.tgz#4f1a273afdfc8f3488a8c516bfda78f872352362"
  integrity sha1-TxonOv38jzSIqMUWv9p4+HI1I2I=

react-resize-detector@^6.6.3:
  version "6.7.2"
  resolved "https://registry.nlark.com/react-resize-detector/download/react-resize-detector-6.7.2.tgz?cache=0&sync_timestamp=1621603847173&other_urls=https%3A%2F%2Fregistry.nlark.com%2Freact-resize-detector%2Fdownload%2Freact-resize-detector-6.7.2.tgz#780901b8b5f6a26cccbb12fc0518e03196d58c50"
  integrity sha1-eAkBuLX2omzMuxL8BRjgMZbVjFA=
  dependencies:
    "@types/resize-observer-browser" "^0.1.5"
    lodash.debounce "^4.0.8"
    lodash.throttle "^4.1.1"
    resize-observer-polyfill "^1.5.1"

react-smooth@^2.0.0:
  version "2.0.0"
  resolved "https://registry.npm.taobao.org/react-smooth/download/react-smooth-2.0.0.tgz#561647b33e498b2e25f449b3c6689b2e9111bf91"
  integrity sha1-VhZHsz5Jiy4l9EmzxmibLpERv5E=
  dependencies:
    fast-equals "^2.0.0"
    raf "^3.4.0"
    react-transition-group "2.9.0"

react-transition-group@2.9.0:
  version "2.9.0"
  resolved "https://registry.nlark.com/react-transition-group/download/react-transition-group-2.9.0.tgz?cache=0&sync_timestamp=1622301030407&other_urls=https%3A%2F%2Fregistry.nlark.com%2Freact-transition-group%2Fdownload%2Freact-transition-group-2.9.0.tgz#df9cdb025796211151a436c69a8f3b97b5b07c8d"
  integrity sha1-35zbAleWIRFRpDbGmo87l7WwfI0=
  dependencies:
    dom-helpers "^3.4.0"
    loose-envify "^1.4.0"
    prop-types "^15.6.2"
    react-lifecycles-compat "^3.0.4"

react-transition-group@^4.4.0:
  version "4.4.2"
  resolved "https://registry.nlark.com/react-transition-group/download/react-transition-group-4.4.2.tgz?cache=0&sync_timestamp=1622301030407&other_urls=https%3A%2F%2Fregistry.nlark.com%2Freact-transition-group%2Fdownload%2Freact-transition-group-4.4.2.tgz#8b59a56f09ced7b55cbd53c36768b922890d5470"
  integrity sha1-i1mlbwnO17VcvVPDZ2i5IokNVHA=
  dependencies:
    "@babel/runtime" "^7.5.5"
    dom-helpers "^5.0.1"
    loose-envify "^1.4.0"
    prop-types "^15.6.2"

react@latest:
  version "17.0.2"
  resolved "https://registry.nlark.com/react/download/react-17.0.2.tgz?cache=0&other_urls=https%3A%2F%2Fregistry.nlark.com%2Freact%2Fdownload%2Freact-17.0.2.tgz#d0b5cc516d29eb3eee383f75b62864cfb6800037"
  integrity sha1-0LXMUW0p6z7uOD91tihkz7aAADc=
  dependencies:
    loose-envify "^1.1.0"
    object-assign "^4.1.1"

recharts-scale@^0.4.4:
  version "0.4.5"
  resolved "https://registry.npm.taobao.org/recharts-scale/download/recharts-scale-0.4.5.tgz#0969271f14e732e642fcc5bd4ab270d6e87dd1d9"
  integrity sha1-CWknHxTnMuZC/MW9SrJw1uh90dk=
  dependencies:
    decimal.js-light "^2.4.1"

recharts@^2.0.9:
  version "2.0.9"
  resolved "https://registry.npm.taobao.org/recharts/download/recharts-2.0.9.tgz#048068eb01383291104548388712026948275f70"
  integrity sha1-BIBo6wE4MpEQRUg4hxICaUgnX3A=
  dependencies:
    "@types/d3-scale" "^3.0.0"
    "@types/d3-shape" "^2.0.0"
    classnames "^2.2.5"
    d3-interpolate "^2.0.1"
    d3-scale "^3.2.3"
    d3-shape "^2.0.0"
    eventemitter3 "^4.0.1"
    lodash "^4.17.19"
    react-is "16.10.2"
    react-resize-detector "^6.6.3"
    react-smooth "^2.0.0"
    recharts-scale "^0.4.4"
    reduce-css-calc "^2.1.8"

reduce-css-calc@^2.1.8:
  version "2.1.8"
  resolved "https://registry.npm.taobao.org/reduce-css-calc/download/reduce-css-calc-2.1.8.tgz#7ef8761a28d614980dc0c982f772c93f7a99de03"
  integrity sha1-fvh2GijWFJgNwMmC93LJP3qZ3gM=
  dependencies:
    css-unit-converter "^1.1.1"
    postcss-value-parser "^3.3.0"

regenerator-runtime@^0.13.3, regenerator-runtime@^0.13.4:
  version "0.13.7"
  resolved "https://registry.npm.taobao.org/regenerator-runtime/download/regenerator-runtime-0.13.7.tgz#cac2dacc8a1ea675feaabaeb8ae833898ae46f55"
  integrity sha1-ysLazIoepnX+qrrriugziYrkb1U=

resize-observer-polyfill@^1.5.1:
  version "1.5.1"
  resolved "https://registry.npm.taobao.org/resize-observer-polyfill/download/resize-observer-polyfill-1.5.1.tgz#0e9020dd3d21024458d4ebd27e23e40269810464"
  integrity sha1-DpAg3T0hAkRY1OvSfiPkAmmBBGQ=

scheduler@^0.20.2:
  version "0.20.2"
  resolved "https://registry.nlark.com/scheduler/download/scheduler-0.20.2.tgz#4baee39436e34aa93b4874bddcbf0fe8b8b50e91"
  integrity sha1-S67jlDbjSqk7SHS93L8P6Li1DpE=
  dependencies:
    loose-envify "^1.1.0"
    object-assign "^4.1.1"

shortid@^2.2.14:
  version "2.2.16"
  resolved "https://registry.npm.taobao.org/shortid/download/shortid-2.2.16.tgz#b742b8f0cb96406fd391c76bfc18a67a57fe5608"
  integrity sha1-t0K48MuWQG/Tkcdr/Bimelf+Vgg=
  dependencies:
    nanoid "^2.1.0"

state-local@^1.0.6, state-local@^1.0.7:
  version "1.0.7"
  resolved "https://registry.nlark.com/state-local/download/state-local-1.0.7.tgz#da50211d07f05748d53009bee46307a37db386d5"
  integrity sha1-2lAhHQfwV0jVMAm+5GMHo32zhtU=

symbol-observable@1.2.0:
  version "1.2.0"
  resolved "https://registry.npm.taobao.org/symbol-observable/download/symbol-observable-1.2.0.tgz?cache=0&sync_timestamp=1618452296973&other_urls=https%3A%2F%2Fregistry.npm.taobao.org%2Fsymbol-observable%2Fdownload%2Fsymbol-observable-1.2.0.tgz#c22688aed4eab3cdc2dfeacbb561660560a00804"
  integrity sha1-wiaIrtTqs83C3+rLtWFmBWCgCAQ=

tiny-warning@^1.0.2:
  version "1.0.3"
  resolved "https://registry.npm.taobao.org/tiny-warning/download/tiny-warning-1.0.3.tgz#94a30db453df4c643d0fd566060d60a875d84754"
  integrity sha1-lKMNtFPfTGQ9D9VmBg1gqHXYR1Q=

uri-js@^4.2.2:
  version "4.4.1"
  resolved "https://registry.npm.taobao.org/uri-js/download/uri-js-4.4.1.tgz#9b1a52595225859e55f669d928f88c6c57f2a77e"
  integrity sha1-mxpSWVIlhZ5V9mnZKPiMbFfyp34=
  dependencies:
    punycode "^2.1.0"

uuid@^8.3.2:
  version "8.3.2"
  resolved "https://registry.nlark.com/uuid/download/uuid-8.3.2.tgz#80d5b5ced271bb9af6c445f21a1a04c606cefbe2"
  integrity sha1-gNW1ztJxu5r2xEXyGhoExgbO++I=

validate.io-array@^1.0.3:
  version "1.0.6"
  resolved "https://registry.npm.taobao.org/validate.io-array/download/validate.io-array-1.0.6.tgz#5b5a2cafd8f8b85abb2f886ba153f2d93a27774d"
  integrity sha1-W1osr9j4uFq7L4hroVPy2Tond00=

validate.io-function@^1.0.2:
  version "1.0.2"
  resolved "https://registry.npm.taobao.org/validate.io-function/download/validate.io-function-1.0.2.tgz#343a19802ed3b1968269c780e558e93411c0bad7"
  integrity sha1-NDoZgC7TsZaCaceA5VjpNBHAutc=

validate.io-integer-array@^1.0.0:
  version "1.0.0"
  resolved "https://registry.npm.taobao.org/validate.io-integer-array/download/validate.io-integer-array-1.0.0.tgz#2cabde033293a6bcbe063feafe91eaf46b13a089"
  integrity sha1-LKveAzKTpry+Bj/q/pHq9GsToIk=
  dependencies:
    validate.io-array "^1.0.3"
    validate.io-integer "^1.0.4"

validate.io-integer@^1.0.4:
  version "1.0.5"
  resolved "https://registry.npm.taobao.org/validate.io-integer/download/validate.io-integer-1.0.5.tgz#168496480b95be2247ec443f2233de4f89878068"
  integrity sha1-FoSWSAuVviJH7EQ/IjPeT4mHgGg=
  dependencies:
    validate.io-number "^1.0.3"

validate.io-number@^1.0.3:
  version "1.0.3"
  resolved "https://registry.npm.taobao.org/validate.io-number/download/validate.io-number-1.0.3.tgz#f63ffeda248bf28a67a8d48e0e3b461a1665baf8"
  integrity sha1-9j/+2iSL8opnqNSODjtGGhZluvg=

vis-data@^7.1.2:
  version "7.1.2"
  resolved "https://registry.npm.taobao.org/vis-data/download/vis-data-7.1.2.tgz#b7d076ac79cb54f7c5e9c80f5b03b93cc8cc1fda"
  integrity sha1-t9B2rHnLVPfF6cgPWwO5PMjMH9o=

vis-network@^9.0.4:
  version "9.0.4"
  resolved "https://registry.npm.taobao.org/vis-network/download/vis-network-9.0.4.tgz#c62d466224897070e9c1720e4d8e6e1dc479ca81"
  integrity sha1-xi1GYiSJcHDpwXIOTY5uHcR5yoE=

whatwg-fetch@^3.0.0:
  version "3.6.2"
  resolved "https://registry.npm.taobao.org/whatwg-fetch/download/whatwg-fetch-3.6.2.tgz#dced24f37f2624ed0281725d51d0e2e3fe677f8c"
  integrity sha1-3O0k838mJO0CgXJdUdDi4/5nf4w=
